{
    "_meta": {
        "hash": {
            "sha256": "5dffce9ba5a53d4f7609351dc8959c8159b6c22b5a2ca6bcf1c6aa686063ff28"
        },
        "host-environment-markers": {
            "implementation_name": "cpython",
            "implementation_version": "3.5.4",
            "os_name": "nt",
            "platform_machine": "AMD64",
            "platform_python_implementation": "CPython",
            "platform_release": "10",
            "platform_system": "Windows",
            "platform_version": "10.0.16257",
            "python_full_version": "3.5.4",
            "python_version": "3.5",
            "sys_platform": "win32"
        },
        "pipfile-spec": 6,
        "requires": {},
        "sources": [
            {
                "name": "pypi",
                "url": "https://mirrors.aliyun.com/pypi/simple/",
                "verify_ssl": true
            }
        ]
    },
    "default": {
        "argon2-cffi": {
            "hashes": [],
            "version": "==16.3.0"
        },
        "awesome-slugify": {
            "hashes": [],
            "version": "==1.6.5"
        },
        "boto3": {
            "hashes": [],
            "version": "==1.4.7"
        },
        "botocore": {
            "hashes": [],
            "version": "==1.7.48"
        },
        "certifi": {
            "hashes": [],
            "version": "==2017.11.5"
        },
        "cffi": {
            "hashes": [],
            "version": "==1.11.2"
        },
        "chardet": {
            "hashes": [],
            "version": "==3.0.4"
        },
        "defusedxml": {
            "hashes": [],
            "version": "==0.5.0"
        },
        "django": {
            "hashes": [],
            "version": "==1.10.8"
        },
        "django-allauth": {
            "hashes": [],
            "version": "==0.34.0"
        },
        "django-anymail": {
            "hashes": [],
            "version": "==1.2"
        },
        "django-ckeditor": {
            "hashes": [],
            "version": "==5.4.0"
        },
        "django-crispy-forms": {
            "hashes": [],
            "version": "==1.7.0"
        },
        "django-environ": {
            "hashes": [],
            "version": "==0.4.4"
        },
        "django-js-asset": {
            "hashes": [],
            "version": "==0.1.1"
        },
        "django-model-utils": {
            "hashes": [],
            "version": "==3.0.0"
        },
        "django-redis": {
            "hashes": [],
            "version": "==4.8.0"
        },
        "django-storages": {
            "hashes": [],
            "version": "==1.6.5"
        },
        "docutils": {
            "hashes": [],
            "version": "==0.14"
        },
        "gevent": {
            "hashes": [],
            "version": "==1.2.2"
        },
        "greenlet": {
            "hashes": [],
            "version": "==0.4.12"
        },
        "gunicorn": {
            "hashes": [],
            "version": "==19.7.1"
        },
        "idna": {
            "hashes": [],
            "version": "==2.6"
        },
        "jmespath": {
            "hashes": [],
            "version": "==0.9.3"
        },
        "oauthlib": {
            "hashes": [],
            "version": "==2.0.6"
        },
        "olefile": {
            "hashes": [],
            "version": "==0.44"
        },
        "pillow": {
            "hashes": [],
            "version": "==4.3.0"
        },
        "psycopg2": {
            "hashes": [],
            "version": "==2.7.3.2"
        },
        "pycparser": {
            "hashes": [],
            "version": "==2.18"
        },
        "python-dateutil": {
            "hashes": [],
            "version": "==2.6.1"
        },
        "python3-openid": {
            "hashes": [],
            "version": "==3.1.0"
        },
        "pytz": {
            "hashes": [],
            "version": "==2017.3"
        },
        "raven": {
            "hashes": [],
            "version": "==6.3.0"
        },
        "redis": {
            "hashes": [],
            "version": "==2.10.6"
        },
        "regex": {
            "hashes": [],
            "version": "==2017.12.12"
        },
        "requests": {
            "hashes": [],
            "version": "==2.18.4"
        },
        "requests-oauthlib": {
            "hashes": [],
            "version": "==0.8.0"
        },
        "s3transfer": {
            "hashes": [],
            "version": "==0.1.12"
        },
        "six": {
            "hashes": [],
            "version": "==1.11.0"
        },
        "unidecode": {
            "hashes": [],
            "version": "==0.4.21"
        },
        "urllib3": {
            "hashes": [],
            "version": "==1.22"
        },
        "whitenoise": {
            "hashes": [],
            "version": "==3.3.1"
        }
    },
    "develop": {
        "alabaster": {
            "hashes": [],
            "version": "==0.7.10"
        },
        "argon2-cffi": {
            "hashes": [],
            "version": "==16.3.0"
        },
        "attrs": {
            "hashes": [],
            "version": "==17.3.0"
        },
        "awesome-slugify": {
            "hashes": [],
            "version": "==1.6.5"
        },
        "babel": {
            "hashes": [],
            "version": "==2.5.1"
        },
        "certifi": {
            "hashes": [],
            "version": "==2017.11.5"
        },
        "cffi": {
            "hashes": [],
            "version": "==1.11.2"
        },
        "chardet": {
            "hashes": [],
            "version": "==3.0.4"
        },
        "colorama": {
            "hashes": [],
            "markers": "sys_platform == 'win32'",
            "version": "==0.3.9"
        },
        "coverage": {
            "hashes": [],
            "version": "==4.4.2"
        },
        "decorator": {
            "hashes": [],
            "version": "==4.1.2"
        },
        "defusedxml": {
            "hashes": [],
            "version": "==0.5.0"
        },
        "django": {
            "hashes": [],
            "version": "==1.10.8"
        },
        "django-allauth": {
            "hashes": [],
            "version": "==0.34.0"
        },
        "django-ckeditor": {
            "hashes": [],
            "version": "==5.4.0"
        },
        "django-coverage-plugin": {
            "hashes": [],
            "version": "==1.5.0"
        },
        "django-crispy-forms": {
            "hashes": [],
            "version": "==1.7.0"
        },
        "django-debug-toolbar": {
            "hashes": [],
            "version": "==1.9.1"
        },
        "django-environ": {
            "hashes": [],
            "version": "==0.4.4"
        },
        "django-extensions": {
            "hashes": [],
            "version": "==1.9.7"
        },
        "django-js-asset": {
            "hashes": [],
            "version": "==0.1.1"
        },
        "django-model-utils": {
            "hashes": [],
            "version": "==3.0.0"
        },
        "django-redis": {
            "hashes": [],
            "version": "==4.8.0"
        },
        "django-test-plus": {
            "hashes": [],
            "version": "==1.0.20"
        },
        "docutils": {
            "hashes": [],
            "version": "==0.14"
        },
        "factory-boy": {
            "hashes": [],
            "version": "==2.9.2"
        },
        "faker": {
            "hashes": [],
            "version": "==0.8.7"
        },
        "idna": {
            "hashes": [],
            "version": "==2.6"
        },
        "imagesize": {
            "hashes": [],
            "version": "==0.7.1"
        },
        "ipdb": {
            "hashes": [],
            "version": "==0.10.3"
        },
        "ipython": {
            "hashes": [],
            "version": "==6.2.1"
        },
        "ipython-genutils": {
            "hashes": [],
            "version": "==0.2.0"
        },
        "jedi": {
            "hashes": [],
            "version": "==0.11.1"
        },
        "jinja2": {
            "hashes": [],
            "version": "==2.10"
        },
        "markupsafe": {
            "hashes": [],
            "version": "==1.0"
        },
        "oauthlib": {
            "hashes": [],
            "version": "==2.0.6"
        },
        "olefile": {
            "hashes": [],
            "version": "==0.44"
        },
        "parso": {
            "hashes": [],
            "version": "==0.1.1"
        },
        "pickleshare": {
            "hashes": [],
            "version": "==0.7.4"
        },
        "pillow": {
            "hashes": [],
            "version": "==4.3.0"
        },
        "pluggy": {
            "hashes": [],
            "version": "==0.6.0"
        },
        "prompt-toolkit": {
            "hashes": [],
            "version": "==1.0.15"
        },
        "psycopg2": {
            "hashes": [],
            "version": "==2.7.3.2"
        },
        "py": {
            "hashes": [],
            "version": "==1.5.2"
        },
        "pycparser": {
            "hashes": [],
            "version": "==2.18"
        },
        "pygments": {
            "hashes": [],
            "version": "==2.2.0"
        },
        "pytest": {
            "hashes": [],
            "version": "==3.3.1"
        },
        "pytest-django": {
            "hashes": [],
            "version": "==3.1.2"
        },
        "pytest-sugar": {
            "hashes": [],
            "version": "==0.9.0"
        },
        "python-dateutil": {
            "hashes": [],
            "version": "==2.6.1"
        },
        "python3-openid": {
            "hashes": [],
            "version": "==3.1.0"
        },
        "pytz": {
            "hashes": [],
            "version": "==2017.3"
        },
        "redis": {
            "hashes": [],
            "version": "==2.10.6"
        },
        "regex": {
            "hashes": [],
            "version": "==2017.12.12"
        },
        "requests": {
            "hashes": [],
            "version": "==2.18.4"
        },
        "requests-oauthlib": {
            "hashes": [],
            "version": "==0.8.0"
        },
        "simplegeneric": {
            "hashes": [],
            "version": "==0.8.1"
        },
        "six": {
            "hashes": [],
            "version": "==1.11.0"
        },
        "snowballstemmer": {
            "hashes": [],
            "version": "==1.2.1"
        },
        "sphinx": {
            "hashes": [],
            "version": "==1.6.5"
        },
        "sphinxcontrib-websupport": {
            "hashes": [],
            "version": "==1.0.1"
        },
        "sqlparse": {
            "hashes": [],
            "version": "==0.2.4"
        },
        "termcolor": {
            "hashes": [],
            "version": "==1.1.0"
        },
        "text-unidecode": {
            "hashes": [],
            "version": "==1.1"
        },
        "traitlets": {
            "hashes": [],
            "version": "==4.3.2"
        },
        "typing": {
            "hashes": [],
            "version": "==3.6.2"
        },
        "unidecode": {
            "hashes": [],
            "version": "==0.4.21"
        },
        "urllib3": {
            "hashes": [],
            "version": "==1.22"
        },
        "wcwidth": {
            "hashes": [],
            "version": "==0.1.7"
        },
        "werkzeug": {
            "hashes": [],
            "version": "==0.12.2"
        },
        "whitenoise": {
            "hashes": [],
            "version": "==3.3.1"
        },
        "win-unicode-console": {
            "hashes": [],
            "markers": "sys_platform == 'win32' and python_version < '3.6'",
            "version": "==0.5"
        }
    }
}
